// !$*UTF8*$!
{
	archiveVersion = 1;
	classes = {
	};
	objectVersion = 46;
	objects = {

/* Begin PBXBuildFile section */
		8D77A6F71D66DD0F003469F9 /* AppDelegate.swift in Sources */ = {isa = PBXBuildFile; fileRef = 8D77A6F61D66DD0F003469F9 /* AppDelegate.swift */; };
		8D77A6F91D66DD0F003469F9 /* ViewController.swift in Sources */ = {isa = PBXBuildFile; fileRef = 8D77A6F81D66DD0F003469F9 /* ViewController.swift */; };
		8D77A6FC1D66DD0F003469F9 /* Main.storyboard in Resources */ = {isa = PBXBuildFile; fileRef = 8D77A6FA1D66DD0F003469F9 /* Main.storyboard */; };
		8D77A6FE1D66DD0F003469F9 /* Assets.xcassets in Resources */ = {isa = PBXBuildFile; fileRef = 8D77A6FD1D66DD0F003469F9 /* Assets.xcassets */; };
		8D77A7011D66DD0F003469F9 /* LaunchScreen.storyboard in Resources */ = {isa = PBXBuildFile; fileRef = 8D77A6FF1D66DD0F003469F9 /* LaunchScreen.storyboard */; };
		8D77A70C1D66DD0F003469F9 /* ttTests.swift in Sources */ = {isa = PBXBuildFile; fileRef = 8D77A70B1D66DD0F003469F9 /* ttTests.swift */; };
		8D77A7171D66DD0F003469F9 /* ttUITests.swift in Sources */ = {isa = PBXBuildFile; fileRef = 8D77A7161D66DD0F003469F9 /* ttUITests.swift */; };
/* End PBXBuildFile section */

/* Begin PBXContainerItemProxy section */
		8D77A7081D66DD0F003469F9 /* PBXContainerItemProxy */ = {
			isa = PBXContainerItemProxy;
			containerPortal = 8D77A6EB1D66DD0F003469F9 /* Project object */;
			proxyType = 1;
			remoteGlobalIDString = 8D77A6F21D66DD0F003469F9;
			remoteInfo = tt;
		};
		8D77A7131D66DD0F003469F9 /* PBXContainerItemProxy */ = {
			isa = PBXContainerItemProxy;
			containerPortal = 8D77A6EB1D66DD0F003469F9 /* Project object */;
			proxyType = 1;
			remoteGlobalIDString = 8D77A6F21D66DD0F003469F9;
			remoteInfo = tt;
		};
/* End PBXContainerItemProxy section */

/* Begin PBXFileReference section */
		8D77A6F31D66DD0F003469F9 /* tt.app */ = {isa = PBXFileReference; explicitFileType = wrapper.application; includeInIndex = 0; path = tt.app; sourceTree = BUILT_PRODUCTS_DIR; };
		8D77A6F61D66DD0F003469F9 /* AppDelegate.swift */ = {isa = PBXFileReference; lastKnownFileType = sourcecode.swift; path = AppDelegate.swift; sourceTree = "<group>"; };
		8D77A6F81D66DD0F003469F9 /* ViewController.swift */ = {isa = PBXFileReference; lastKnownFileType = sourcecode.swift; path = ViewController.swift; sourceTree = "<group>"; };
		8D77A6FB1D66DD0F003469F9 /* Base */ = {isa = PBXFileReference; lastKnownFileType = file.storyboard; name = Base; path = Base.lproj/Main.storyboard; sourceTree = "<group>"; };
		8D77A6FD1D66DD0F003469F9 /* Assets.xcassets */ = {isa = PBXFileReference; lastKnownFileType = folder.assetcatalog; path = Assets.xcassets; sourceTree = "<group>"; };
		8D77A7001D66DD0F003469F9 /* Base */ = {isa = PBXFileReference; lastKnownFileType = file.storyboard; name = Base; path = Base.lproj/LaunchScreen.storyboard; sourceTree = "<group>"; };
		8D77A7021D66DD0F003469F9 /* Info.plist */ = {isa = PBXFileReference; lastKnownFileType = text.plist.xml; path = Info.plist; sourceTree = "<group>"; };
		8D77A7071D66DD0F003469F9 /* ttTests.xctest */ = {isa = PBXFileReference; explicitFileType = wrapper.cfbundle; includeInIndex = 0; path = ttTests.xctest; sourceTree = BUILT_PRODUCTS_DIR; };
		8D77A70B1D66DD0F003469F9 /* ttTests.swift */ = {isa = PBXFileReference; lastKnownFileType = sourcecode.swift; path = ttTests.swift; sourceTree = "<group>"; };
		8D77A70D1D66DD0F003469F9 /* Info.plist */ = {isa = PBXFileReference; lastKnownFileType = text.plist.xml; path = Info.plist; sourceTree = "<group>"; };
		8D77A7121D66DD0F003469F9 /* ttUITests.xctest */ = {isa = PBXFileReference; explicitFileType = wrapper.cfbundle; includeInIndex = 0; path = ttUITests.xctest; sourceTree = BUILT_PRODUCTS_DIR; };
		8D77A7161D66DD0F003469F9 /* ttUITests.swift */ = {isa = PBXFileReference; lastKnownFileType = sourcecode.swift; path = ttUITests.swift; sourceTree = "<group>"; };
		8D77A7181D66DD0F003469F9 /* Info.plist */ = {isa = PBXFileReference; lastKnownFileType = text.plist.xml; path = Info.plist; sourceTree = "<group>"; };
/* End PBXFileReference section */

/* Begin PBXFrameworksBuildPhase section */
		8D77A6F01D66DD0F003469F9 /* Frameworks */ = {
			isa = PBXFrameworksBuildPhase;
			buildActionMask = 2147483647;
			files = (
			);
			runOnlyForDeploymentPostprocessing = 0;
		};
		8D77A7041D66DD0F003469F9 /* Frameworks */ = {
			isa = PBXFrameworksBuildPhase;
			buildActionMask = 2147483647;
			files = (
			);
			runOnlyForDeploymentPostprocessing = 0;
		};
		8D77A70F1D66DD0F003469F9 /* Frameworks */ = {
			isa = PBXFrameworksBuildPhase;
			buildActionMask = 2147483647;
			files = (
			);
			runOnlyForDeploymentPostprocessing = 0;
		};
/* End PBXFrameworksBuildPhase section */

/* Begin PBXGroup section */
		8D77A6EA1D66DD0F003469F9 = {
			isa = PBXGroup;
			children = (
				8D77A6F51D66DD0F003469F9 /* tt */,
				8D77A70A1D66DD0F003469F9 /* ttTests */,
				8D77A7151D66DD0F003469F9 /* ttUITests */,
				8D77A6F41D66DD0F003469F9 /* Products */,
			);
			sourceTree = "<group>";
		};
		8D77A6F41D66DD0F003469F9 /* Products */ = {
			isa = PBXGroup;
			children = (
				8D77A6F31D66DD0F003469F9 /* tt.app */,
				8D77A7071D66DD0F003469F9 /* ttTests.xctest */,
				8D77A7121D66DD0F003469F9 /* ttUITests.xctest */,
			);
			name = Products;
			sourceTree = "<group>";
		};
		8D77A6F51D66DD0F003469F9 /* tt */ = {
			isa = PBXGroup;
			children = (
				8D77A6F61D66DD0F003469F9 /* AppDelegate.swift */,
				8D77A6F81D66DD0F003469F9 /* ViewController.swift */,
				8D77A6FA1D66DD0F003469F9 /* Main.storyboard */,
				8D77A6FD1D66DD0F003469F9 /* Assets.xcassets */,
				8D77A6FF1D66DD0F003469F9 /* LaunchScreen.storyboard */,
				8D77A7021D66DD0F003469F9 /* Info.plist */,
			);
			path = tt;
			sourceTree = "<group>";
		};
		8D77A70A1D66DD0F003469F9 /* ttTests */ = {
			isa = PBXGroup;
			children = (
				8D77A70B1D66DD0F003469F9 /* ttTests.swift */,
				8D77A70D1D66DD0F003469F9 /* Info.plist */,
			);
			path = ttTests;
			sourceTree = "<group>";
		};
		8D77A7151D66DD0F003469F9 /* ttUITests */ = {
			isa = PBXGroup;
			children = (
				8D77A7161D66DD0F003469F9 /* ttUITests.swift */,
				8D77A7181D66DD0F003469F9 /* Info.plist */,
			);
			path = ttUITests;
			sourceTree = "<group>";
		};
/* End PBXGroup section */

/* Begin PBXNativeTarget section */
		8D77A6F21D66DD0F003469F9 /* tt */ = {
			isa = PBXNativeTarget;
			buildConfigurationList = 8D77A71B1D66DD0F003469F9 /* Build configuration list for PBXNativeTarget "tt" */;
			buildPhases = (
				8D77A6EF1D66DD0F003469F9 /* Sources */,
				8D77A6F01D66DD0F003469F9 /* Frameworks */,
				8D77A6F11D66DD0F003469F9 /* Resources */,
			);
			buildRules = (
			);
			dependencies = (
			);
			name = tt;
			productName = tt;
			productReference = 8D77A6F31D66DD0F003469F9 /* tt.app */;
			productType = "com.apple.product-type.application";
		};
		8D77A7061D66DD0F003469F9 /* ttTests */ = {
			isa = PBXNativeTarget;
			buildConfigurationList = 8D77A71E1D66DD0F003469F9 /* Build configuration list for PBXNativeTarget "ttTests" */;
			buildPhases = (
				8D77A7031D66DD0F003469F9 /* Sources */,
				8D77A7041D66DD0F003469F9 /* Frameworks */,
				8D77A7051D66DD0F003469F9 /* Resources */,
			);
			buildRules = (
			);
			dependencies = (
				8D77A7091D66DD0F003469F9 /* PBXTargetDependency */,
			);
			name = ttTests;
			productName = ttTests;
			productReference = 8D77A7071D66DD0F003469F9 /* ttTests.xctest */;
			productType = "com.apple.product-type.bundle.unit-test";
		};
		8D77A7111D66DD0F003469F9 /* ttUITests */ = {
			isa = PBXNativeTarget;
			buildConfigurationList = 8D77A7211D66DD0F003469F9 /* Build configuration list for PBXNativeTarget "ttUITests" */;
			buildPhases = (
				8D77A70E1D66DD0F003469F9 /* Sources */,
				8D77A70F1D66DD0F003469F9 /* Frameworks */,
				8D77A7101D66DD0F003469F9 /* Resources */,
			);
			buildRules = (
			);
			dependencies = (
				8D77A7141D66DD0F003469F9 /* PBXTargetDependency */,
			);
			name = ttUITests;
			productName = ttUITests;
			productReference = 8D77A7121D66DD0F003469F9 /* ttUITests.xctest */;
			productType = "com.apple.product-type.bundle.ui-testing";
		};
/* End PBXNativeTarget section */

/* Begin PBXProject section */
		8D77A6EB1D66DD0F003469F9 /* Project object */ = {
			isa = PBXProject;
			attributes = {
				LastSwiftUpdateCheck = 0730;
				LastUpgradeCheck = 0730;
				ORGANIZATIONNAME = apple;
				TargetAttributes = {
					8D77A6F21D66DD0F003469F9 = {
						CreatedOnToolsVersion = 7.3.1;
					};
					8D77A7061D66DD0F003469F9 = {
						CreatedOnToolsVersion = 7.3.1;
						TestTargetID = 8D77A6F21D66DD0F003469F9;
					};
					8D77A7111D66DD0F003469F9 = {
						CreatedOnToolsVersion = 7.3.1;
						TestTargetID = 8D77A6F21D66DD0F003469F9;
					};
				};
			};
			buildConfigurationList = 8D77A6EE1D66DD0F003469F9 /* Build configuration list for PBXProject "tt" */;
			compatibilityVersion = "Xcode 3.2";
			developmentRegion = English;
			hasScannedForEncodings = 0;
			knownRegions = (
				en,
				Base,
			);
			mainGroup = 8D77A6EA1D66DD0F003469F9;
			productRefGroup = 8D77A6F41D66DD0F003469F9 /* Products */;
			projectDirPath = "";
			projectRoot = "";
			targets = (
				8D77A6F21D66DD0F003469F9 /* tt */,
				8D77A7061D66DD0F003469F9 /* ttTests */,
				8D77A7111D66DD0F003469F9 /* ttUITests */,
			);
		};
/* End PBXProject section */

/* Begin PBXResourcesBuildPhase section */
		8D77A6F11D66DD0F003469F9 /* Resources */ = {
			isa = PBXResourcesBuildPhase;
			buildActionMask = 2147483647;
			files = (
				8D77A7011D66DD0F003469F9 /* LaunchScreen.storyboard in Resources */,
				8D77A6FE1D66DD0F003469F9 /* Assets.xcassets in Resources */,
				8D77A6FC1D66DD0F003469F9 /* Main.storyboard in Resources */,
			);
			runOnlyForDeploymentPostprocessing = 0;
		};
		8D77A7051D66DD0F003469F9 /* Resources */ = {
			isa = PBXResourcesBuildPhase;
			buildActionMask = 2147483647;
			files = (
			);
			runOnlyForDeploymentPostprocessing = 0;
		};
		8D77A7101D66DD0F003469F9 /* Resources */ = {
			isa = PBXResourcesBuildPhase;
			buildActionMask = 2147483647;
			files = (
			);
			runOnlyForDeploymentPostprocessing = 0;
		};
/* End PBXResourcesBuildPhase section */

/* Begin PBXSourcesBuildPhase section */
		8D77A6EF1D66DD0F003469F9 /* Sources */ = {
			isa = PBXSourcesBuildPhase;
			buildActionMask = 2147483647;
			files = (
				8D77A6F91D66DD0F003469F9 /* ViewController.swift in Sources */,
				8D77A6F71D66DD0F003469F9 /* AppDelegate.swift in Sources */,
			);
			runOnlyForDeploymentPostprocessing = 0;
		};
		8D77A7031D66DD0F003469F9 /* Sources */ = {
			isa = PBXSourcesBuildPhase;
			buildActionMask = 2147483647;
			files = (
				8D77A70C1D66DD0F003469F9 /* ttTests.swift in Sources */,
			);
			runOnlyForDeploymentPostprocessing = 0;
		};
		8D77A70E1D66DD0F003469F9 /* Sources */ = {
			isa = PBXSourcesBuildPhase;
			buildActionMask = 2147483647;
			files = (
				8D77A7171D66DD0F003469F9 /* ttUITests.swift in Sources */,
			);
			runOnlyForDeploymentPostprocessing = 0;
		};
/* End PBXSourcesBuildPhase section */

/* Begin PBXTargetDependency section */
		8D77A7091D66DD0F003469F9 /* PBXTargetDependency */ = {
			isa = PBXTargetDependency;
			target = 8D77A6F21D66DD0F003469F9 /* tt */;
			targetProxy = 8D77A7081D66DD0F003469F9 /* PBXContainerItemProxy */;
		};
		8D77A7141D66DD0F003469F9 /* PBXTargetDependency */ = {
			isa = PBXTargetDependency;
			target = 8D77A6F21D66DD0F003469F9 /* tt */;
			targetProxy = 8D77A7131D66DD0F003469F9 /* PBXContainerItemProxy */;
		};
/* End PBXTargetDependency section */

/* Begin PBXVariantGroup section */
		8D77A6FA1D66DD0F003469F9 /* Main.storyboard */ = {
			isa = PBXVariantGroup;
			children = (
				8D77A6FB1D66DD0F003469F9 /* Base */,
			);
			name = Main.storyboard;
			sourceTree = "<group>";
		};
		8D77A6FF1D66DD0F003469F9 /* LaunchScreen.storyboard */ = {
			isa = PBXVariantGroup;
			children = (
				8D77A7001D66DD0F003469F9 /* Base */,
			);
			name = LaunchScreen.storyboard;
			sourceTree = "<group>";
		};
/* End PBXVariantGroup section */

/* Begin XCBuildConfiguration section */
		8D77A7191D66DD0F003469F9 /* Debug */ = {
			isa = XCBuildConfiguration;
			buildSettings = {
				ALWAYS_SEARCH_USER_PATHS = NO;
				CLANG_ANALYZER_NONNULL = YES;
				CLANG_CXX_LANGUAGE_STANDARD = "gnu++0x";
				CLANG_CXX_LIBRARY = "libc++";
				CLANG_ENABLE_MODULES = YES;
				CLANG_ENABLE_OBJC_ARC = YES;
				CLANG_WARN_BOOL_CONVERSION = YES;
				CLANG_WARN_CONSTANT_CONVERSION = YES;
				CLANG_WARN_DIRECT_OBJC_ISA_USAGE = YES_ERROR;
				CLANG_WARN_EMPTY_BODY = YES;
				CLANG_WARN_ENUM_CONVERSION = YES;
				CLANG_WARN_INT_CONVERSION = YES;
				CLANG_WARN_OBJC_ROOT_CLASS = YES_ERROR;
				CLANG_WARN_UNREACHABLE_CODE = YES;
				CLANG_WARN__DUPLICATE_METHOD_MATCH = YES;
				"CODE_SIGN_IDENTITY[sdk=iphoneos*]" = "iPhone Developer";
				COPY_PHASE_STRIP = NO;
				DEBUG_INFORMATION_FORMAT = dwarf;
				ENABLE_STRICT_OBJC_MSGSEND = YES;
				ENABLE_TESTABILITY = YES;
				GCC_C_LANGUAGE_STANDARD = gnu99;
				GCC_DYNAMIC_NO_PIC = NO;
				GCC_NO_COMMON_BLOCKS = YES;
				GCC_OPTIMIZATION_LEVEL = 0;
				GCC_PREPROCESSOR_DEFINITIONS = (
					"DEBUG=1",
					"$(inherited)",
				);
				GCC_WARN_64_TO_32_BIT_CONVERSION = YES;
				GCC_WARN_ABOUT_RETURN_TYPE = YES_ERROR;
				GCC_WARN_UNDECLARED_SELECTOR = YES;
				GCC_WARN_UNINITIALIZED_AUTOS = YES_AGGRESSIVE;
				GCC_WARN_UNUSED_FUNCTION = YES;
				GCC_WARN_UNUSED_VARIABLE = YES;
				IPHONEOS_DEPLOYMENT_TARGET = 9.3;
				MTL_ENABLE_DEBUG_INFO = YES;
				ONLY_ACTIVE_ARCH = YES;
				SDKROOT = iphoneos;
				SWIFT_OPTIMIZATION_LEVEL = "-Onone";
			};
			name = Debug;
		};
		8D77A71A1D66DD0F003469F9 /* Release */ = {
			isa = XCBuildConfiguration;
			buildSettings = {
				ALWAYS_SEARCH_USER_PATHS = NO;
				CLANG_ANALYZER_NONNULL = YES;
				CLANG_CXX_LANGUAGE_STANDARD = "gnu++0x";
				CLANG_CXX_LIBRARY = "libc++";
				CLANG_ENABLE_MODULES = YES;
				CLANG_ENABLE_OBJC_ARC = YES;
				CLANG_WARN_BOOL_CONVERSION = YES;
				CLANG_WARN_CONSTANT_CONVERSION = YES;
				CLANG_WARN_DIRECT_OBJC_ISA_USAGE = YES_ERROR;
				CLANG_WARN_EMPTY_BODY = YES;
				CLANG_WARN_ENUM_CONVERSION = YES;
				CLANG_WARN_INT_CONVERSION = YES;
				CLANG_WARN_OBJC_ROOT_CLASS = YES_ERROR;
				CLANG_WARN_UNREACHABLE_CODE = YES;
				CLANG_WARN__DUPLICATE_METHOD_MATCH = YES;
				"CODE_SIGN_IDENTITY[sdk=iphoneos*]" = "iPhone Developer";
				COPY_PHASE_STRIP = NO;
				DEBUG_INFORMATION_FORMAT = "dwarf-with-dsym";
				ENABLE_NS_ASSERTIONS = NO;
				ENABLE_STRICT_OBJC_MSGSEND = YES;
				GCC_C_LANGUAGE_STANDARD = gnu99;
				GCC_NO_COMMON_BLOCKS = YES;
				GCC_WARN_64_TO_32_BIT_CONVERSION = YES;
				GCC_WARN_ABOUT_RETURN_TYPE = YES_ERROR;
				GCC_WARN_UNDECLARED_SELECTOR = YES;
				GCC_WARN_UNINITIALIZED_AUTOS = YES_AGGRESSIVE;
				GCC_WARN_UNUSED_FUNCTION = YES;
				GCC_WARN_UNUSED_VARIABLE = YES;
				IPHONEOS_DEPLOYMENT_TARGET = 9.3;
				MTL_ENABLE_DEBUG_INFO = NO;
				SDKROOT = iphoneos;
				VALIDATE_PRODUCT = YES;
			};
			name = Release;
		};
		8D77A71C1D66DD0F003469F9 /* Debug */ = {
			isa = XCBuildConfiguration;
			buildSettings = {
				ASSETCATALOG_COMPILER_APPICON_NAME = AppIcon;
				INFOPLIST_FILE = tt/Info.plist;
				LD_RUNPATH_SEARCH_PATHS = "$(inherited) @executable_path/Frameworks";
				PRODUCT_BUNDLE_IDENTIFIER = net.gsunis.tt;
				PRODUCT_NAME = "$(TARGET_NAME)";
			};
			name = Debug;
		};
		8D77A71D1D66DD0F003469F9 /* Release */ = {
			isa = XCBuildConfiguration;
			buildSettings = {
				ASSETCATALOG_COMPILER_APPICON_NAME = AppIcon;
				INFOPLIST_FILE = tt/Info.plist;
				LD_RUNPATH_SEARCH_PATHS = "$(inherited) @executable_path/Frameworks";
				PRODUCT_BUNDLE_IDENTIFIER = net.gsunis.tt;
				PRODUCT_NAME = "$(TARGET_NAME)";
			};
			name = Release;
		};
		8D77A71F1D66DD0F003469F9 /* Debug */ = {
			isa = XCBuildConfiguration;
			buildSettings = {
				BUNDLE_LOADER = "$(TEST_HOST)";
				INFOPLIST_FILE = ttTests/Info.plist;
				LD_RUNPATH_SEARCH_PATHS = "$(inherited) @executable_path/Frameworks @loader_path/Frameworks";
				PRODUCT_BUNDLE_IDENTIFIER = net.gsunis.ttTests;
				PRODUCT_NAME = "$(TARGET_NAME)";
				TEST_HOST = "$(BUILT_PRODUCTS_DIR)/tt.app/tt";
			};
			name = Debug;
		};
		8D77A7201D66DD0F003469F9 /* Release */ = {
			isa = XCBuildConfiguration;
			buildSettings = {
				BUNDLE_LOADER = "$(TEST_HOST)";
				INFOPLIST_FILE = ttTests/Info.plist;
				LD_RUNPATH_SEARCH_PATHS = "$(inherited) @executable_path/Frameworks @loader_path/Frameworks";
				PRODUCT_BUNDLE_IDENTIFIER = net.gsunis.ttTests;
				PRODUCT_NAME = "$(TARGET_NAME)";
				TEST_HOST = "$(BUILT_PRODUCTS_DIR)/tt.app/tt";
			};
			name = Release;
		};
		8D77A7221D66DD0F003469F9 /* Debug */ = {
			isa = XCBuildConfiguration;
			buildSettings = {
				INFOPLIST_FILE = ttUITests/Info.plist;
				LD_RUNPATH_SEARCH_PATHS = "$(inherited) @executable_path/Frameworks @loader_path/Frameworks";
				PRODUCT_BUNDLE_IDENTIFIER = net.gsunis.ttUITests;
				PRODUCT_NAME = "$(TARGET_NAME)";
				TEST_TARGET_NAME = tt;
			};
			name = Debug;
		};
		8D77A7231D66DD0F003469F9 /* Release */ = {
			isa = XCBuildConfiguration;
			buildSettings = {
				INFOPLIST_FILE = ttUITests/Info.plist;
				LD_RUNPATH_SEARCH_PATHS = "$(inherited) @executable_path/Frameworks @loader_path/Frameworks";
				PRODUCT_BUNDLE_IDENTIFIER = net.gsunis.ttUITests;
				PRODUCT_NAME = "$(TARGET_NAME)";
				TEST_TARGET_NAME = tt;
			};
			name = Release;
		};
/* End XCBuildConfiguration section */

/* Begin XCConfigurationList section */
		8D77A6EE1D66DD0F003469F9 /* Build configuration list for PBXProject "tt" */ = {
			isa = XCConfigurationList;
			buildConfigurations = (
				8D77A7191D66DD0F003469F9 /* Debug */,
				8D77A71A1D66DD0F003469F9 /* Release */,
			);
			defaultConfigurationIsVisible = 0;
			defaultConfigurationName = Release;
		};
		8D77A71B1D66DD0F003469F9 /* Build configuration list for PBXNativeTarget "tt" */ = {
			isa = XCConfigurationList;
			buildConfigurations = (
				8D77A71C1D66DD0F003469F9 /* Debug */,
				8D77A71D1D66DD0F003469F9 /* Release */,
			);
			defaultConfigurationIsVisible = 0;
		};
		8D77A71E1D66DD0F003469F9 /* Build configuration list for PBXNativeTarget "ttTests" */ = {
			isa = XCConfigurationList;
			buildConfigurations = (
				8D77A71F1D66DD0F003469F9 /* Debug */,
				8D77A7201D66DD0F003469F9 /* Release */,
			);
			defaultConfigurationIsVisible = 0;
		};
		8D77A7211D66DD0F003469F9 /* Build configuration list for PBXNativeTarget "ttUITests" */ = {
			isa = XCConfigurationList;
			buildConfigurations = (
				8D77A7221D66DD0F003469F9 /* Debug */,
				8D77A7231D66DD0F003469F9 /* Release */,
			);
			defaultConfigurationIsVisible = 0;
		};
/* End XCConfigurationList section */
	};
	rootObject = 8D77A6EB1D66DD0F003469F9 /* Project object */;
}
